
Microsoft Visual Studio Solution File, Format Version 12.00
# Visual Studio Version 17
VisualStudioVersion = 17.14.37516.0 d17.14
MinimumVisualStudioVersion = 10.0.40219.1
Project("{FAE04EC0-301F-11D3-BF4B-00C04F79EFBC}") = "23_phanDangQuang_Assignment01_BackEnd", "23_phanDangQuang_Assignment01_BackEnd\23_phanDangQuang_Assignment01_BackEnd.csproj", "{41073795-22E8-4D32-B163-60E3B477E561}"
EndProject
Project("{FAE04EC0-301F-11D3-BF4B-00C04F79EFBC}") = "23_phanDangQuang_Assignment01_FrontEnd", "23_phanDangQuang_Assignment01_FrontEnd\23_phanDangQuang_Assignment01_FrontEnd.csproj", "{3FE3BFB2-7383-4037-9F24-1CF8281D189A}"
EndProject
Global
	GlobalSection(SolutionConfigurationPlatforms) = preSolution
		Debug|Any CPU = Debug|Any CPU
		Release|Any CPU = Release|Any CPU
	EndGlobalSection
	GlobalSection(ProjectConfigurationPlatforms) = postSolution
		{41073795-22E8-4D32-B163-60E3B477E561}.Debug|Any CPU.ActiveCfg = Debug|Any CPU
		{41073795-22E8-4D32-B163-60E3B477E561}.Debug|Any CPU.Build.0 = Debug|Any CPU
		{41073795-22E8-4D32-B163-60E3B477E561}.Release|Any CPU.ActiveCfg = Release|Any CPU
		{41073795-22E8-4D32-B163-60E3B477E561}.Release|Any CPU.Build.0 = Release|Any CPU
		{3FE3BFB2-7383-4037-9F24-1CF8281D189A}.Debug|Any CPU.ActiveCfg = Debug|Any CPU
		{3FE3BFB2-7383-4037-9F24-1CF8281D189A}.Debug|Any CPU.Build.0 = Debug|Any CPU
		{3FE3BFB2-7383-4037-9F24-1CF8281D189A}.Release|Any CPU.ActiveCfg = Release|Any CPU
		{3FE3BFB2-7383-4037-9F24-1CF8281D189A}.Release|Any CPU.Build.0 = Release|Any CPU
	EndGlobalSection
	GlobalSection(SolutionProperties) = preSolution
		HideSolutionNode = FALSE
	EndGlobalSection
	GlobalSection(ExtensibilityGlobals) = postSolution
		SolutionGuid = {6419740D-E4EF-4B7F-B0B7-09BD33E6DC16}
	EndGlobalSection
EndGlobal
